
Microsoft Visual Studio Solution File, Format Version 12.00
# Visual Studio 15
VisualStudioVersion = 15.0.27130.2024
MinimumVisualStudioVersion = 10.0.40219.1
Project("{FAE04EC0-301F-11D3-BF4B-00C04F79EFBC}") = "Practica10", "Practica10\Practica10.csproj", "{F8AA1B35-773C-4565-8D9B-BF946C23BE50}"
EndProject
Global
	GlobalSection(SolutionConfigurationPlatforms) = preSolution
		Debug|Any CPU = Debug|Any CPU
		Release|Any CPU = Release|Any CPU
	EndGlobalSection
	GlobalSection(ProjectConfigurationPlatforms) = postSolution
		{F8AA1B35-773C-4565-8D9B-BF946C23BE50}.Debug|Any CPU.ActiveCfg = Debug|Any CPU
		{F8AA1B35-773C-4565-8D9B-BF946C23BE50}.Debug|Any CPU.Build.0 = Debug|Any CPU
		{F8AA1B35-773C-4565-8D9B-BF946C23BE50}.Release|Any CPU.ActiveCfg = Release|Any CPU
		{F8AA1B35-773C-4565-8D9B-BF946C23BE50}.Release|Any CPU.Build.0 = Release|Any CPU
	EndGlobalSection
	GlobalSection(SolutionProperties) = preSolution
		HideSolutionNode = FALSE
	EndGlobalSection
	GlobalSection(ExtensibilityGlobals) = postSolution
		SolutionGuid = {D050AEFE-1E0A-412B-B7A8-CA485D905F79}
	EndGlobalSection
EndGlobal
